
Microsoft Visual Studio Solution File, Format Version 12.00
# Visual Studio Version 17
Project("{2150E333-8FDC-42A3-9474-1A3956D46DE8}") = "CMakePredefinedTargets", "CMakePredefinedTargets", "{4815F358-9D41-3AE2-99C8-AF544E22A61A}"
EndProject
Project("{8BC9CEB8-8B4A-11D0-8D11-00A0C91BC942}") = "CSC8503", "CSC8503\CSC8503.vcxproj", "{ECDAC772-3A38-31AB-92B3-35AB679C7250}"
	ProjectSection(ProjectDependencies) = postProject
		{AF49E142-BF61-3736-B550-F547E7900789} = {AF49E142-BF61-3736-B550-F547E7900789}
		{0A6E028D-B123-3A47-A39A-2CBEA6AF420C} = {0A6E028D-B123-3A47-A39A-2CBEA6AF420C}
		{637B65C2-3D7F-3C11-B92D-D0E1D7AD63F1} = {637B65C2-3D7F-3C11-B92D-D0E1D7AD63F1}
		{684D7321-384D-3AFB-BD38-2A7F370A236F} = {684D7321-384D-3AFB-BD38-2A7F370A236F}
	EndProjectSection
EndProject
Project("{8BC9CEB8-8B4A-11D0-8D11-00A0C91BC942}") = "ALL_BUILD", "ALL_BUILD.vcxproj", "{64724455-A2D4-3FFC-BFF3-2EDC621AA780}"
	ProjectSection(ProjectDependencies) = postProject
		{ECDAC772-3A38-31AB-92B3-35AB679C7250} = {ECDAC772-3A38-31AB-92B3-35AB679C7250}
		{AF49E142-BF61-3736-B550-F547E7900789} = {AF49E142-BF61-3736-B550-F547E7900789}
		{0A6E028D-B123-3A47-A39A-2CBEA6AF420C} = {0A6E028D-B123-3A47-A39A-2CBEA6AF420C}
		{637B65C2-3D7F-3C11-B92D-D0E1D7AD63F1} = {637B65C2-3D7F-3C11-B92D-D0E1D7AD63F1}
		{684D7321-384D-3AFB-BD38-2A7F370A236F} = {684D7321-384D-3AFB-BD38-2A7F370A236F}
	EndProjectSection
EndProject
Project("{8BC9CEB8-8B4A-11D0-8D11-00A0C91BC942}") = "CSC8503CoreClasses", "CSC8503CoreClasses\CSC8503CoreClasses.vcxproj", "{AF49E142-BF61-3736-B550-F547E7900789}"
	ProjectSection(ProjectDependencies) = postProject
		{684D7321-384D-3AFB-BD38-2A7F370A236F} = {684D7321-384D-3AFB-BD38-2A7F370A236F}
	EndProjectSection
EndProject
Project("{8BC9CEB8-8B4A-11D0-8D11-00A0C91BC942}") = "NCLCoreClasses", "NCLCoreClasses\NCLCoreClasses.vcxproj", "{0A6E028D-B123-3A47-A39A-2CBEA6AF420C}"
	ProjectSection(ProjectDependencies) = postProject
		{684D7321-384D-3AFB-BD38-2A7F370A236F} = {684D7321-384D-3AFB-BD38-2A7F370A236F}
	EndProjectSection
EndProject
Project("{8BC9CEB8-8B4A-11D0-8D11-00A0C91BC942}") = "OpenGLRendering", "OpenGLRendering\OpenGLRendering.vcxproj", "{637B65C2-3D7F-3C11-B92D-D0E1D7AD63F1}"
	ProjectSection(ProjectDependencies) = postProject
		{0A6E028D-B123-3A47-A39A-2CBEA6AF420C} = {0A6E028D-B123-3A47-A39A-2CBEA6AF420C}
		{684D7321-384D-3AFB-BD38-2A7F370A236F} = {684D7321-384D-3AFB-BD38-2A7F370A236F}
	EndProjectSection
EndProject
Project("{8BC9CEB8-8B4A-11D0-8D11-00A0C91BC942}") = "ZERO_CHECK", "ZERO_CHECK.vcxproj", "{684D7321-384D-3AFB-BD38-2A7F370A236F}"
	ProjectSection(ProjectDependencies) = postProject
	EndProjectSection
EndProject
Global
	GlobalSection(SolutionConfigurationPlatforms) = preSolution
		Debug|x64 = Debug|x64
		Release|x64 = Release|x64
	EndGlobalSection
	GlobalSection(ProjectConfigurationPlatforms) = postSolution
		{ECDAC772-3A38-31AB-92B3-35AB679C7250}.Debug|x64.ActiveCfg = Debug|x64
		{ECDAC772-3A38-31AB-92B3-35AB679C7250}.Debug|x64.Build.0 = Debug|x64
		{ECDAC772-3A38-31AB-92B3-35AB679C7250}.Release|x64.ActiveCfg = Release|x64
		{ECDAC772-3A38-31AB-92B3-35AB679C7250}.Release|x64.Build.0 = Release|x64
		{64724455-A2D4-3FFC-BFF3-2EDC621AA780}.Debug|x64.ActiveCfg = Debug|x64
		{64724455-A2D4-3FFC-BFF3-2EDC621AA780}.Release|x64.ActiveCfg = Release|x64
		{AF49E142-BF61-3736-B550-F547E7900789}.Debug|x64.ActiveCfg = Debug|x64
		{AF49E142-BF61-3736-B550-F547E7900789}.Debug|x64.Build.0 = Debug|x64
		{AF49E142-BF61-3736-B550-F547E7900789}.Release|x64.ActiveCfg = Release|x64
		{AF49E142-BF61-3736-B550-F547E7900789}.Release|x64.Build.0 = Release|x64
		{0A6E028D-B123-3A47-A39A-2CBEA6AF420C}.Debug|x64.ActiveCfg = Debug|x64
		{0A6E028D-B123-3A47-A39A-2CBEA6AF420C}.Debug|x64.Build.0 = Debug|x64
		{0A6E028D-B123-3A47-A39A-2CBEA6AF420C}.Release|x64.ActiveCfg = Release|x64
		{0A6E028D-B123-3A47-A39A-2CBEA6AF420C}.Release|x64.Build.0 = Release|x64
		{637B65C2-3D7F-3C11-B92D-D0E1D7AD63F1}.Debug|x64.ActiveCfg = Debug|x64
		{637B65C2-3D7F-3C11-B92D-D0E1D7AD63F1}.Debug|x64.Build.0 = Debug|x64
		{637B65C2-3D7F-3C11-B92D-D0E1D7AD63F1}.Release|x64.ActiveCfg = Release|x64
		{637B65C2-3D7F-3C11-B92D-D0E1D7AD63F1}.Release|x64.Build.0 = Release|x64
		{684D7321-384D-3AFB-BD38-2A7F370A236F}.Debug|x64.ActiveCfg = Debug|x64
		{684D7321-384D-3AFB-BD38-2A7F370A236F}.Debug|x64.Build.0 = Debug|x64
		{684D7321-384D-3AFB-BD38-2A7F370A236F}.Release|x64.ActiveCfg = Release|x64
		{684D7321-384D-3AFB-BD38-2A7F370A236F}.Release|x64.Build.0 = Release|x64
	EndGlobalSection
	GlobalSection(NestedProjects) = preSolution
		{64724455-A2D4-3FFC-BFF3-2EDC621AA780} = {4815F358-9D41-3AE2-99C8-AF544E22A61A}
		{684D7321-384D-3AFB-BD38-2A7F370A236F} = {4815F358-9D41-3AE2-99C8-AF544E22A61A}
	EndGlobalSection
	GlobalSection(ExtensibilityGlobals) = postSolution
		SolutionGuid = {A6902949-49E3-31D5-82ED-A4B5D99728DE}
	EndGlobalSection
	GlobalSection(ExtensibilityAddIns) = postSolution
	EndGlobalSection
EndGlobal
