<?xml version="1.0" encoding="utf-8"?>
<Project ToolsVersion="17.0" xmlns="http://schemas.microsoft.com/developer/msbuild/2003">
  <ItemGroup>
    <ClCompile Include="D:\Projects\Computer Game Engineering - Newcastle\CSC8503\CSC8503CoreClasses\CMakeFiles\CSC8503CoreClasses.dir\cmake_pch.cxx">
      <Filter>Source Files</Filter>
    </ClCompile>
    <ClCompile Include="D:\Projects\Computer Game Engineering - Newcastle\CSC8503\CSC8503CoreClasses\Debug.h">
      <Filter>Header Files</Filter>
    </ClCompile>
    <ClCompile Include="D:\Projects\Computer Game Engineering - Newcastle\CSC8503\CSC8503CoreClasses\GameObject.h">
      <Filter>Header Files</Filter>
    </ClCompile>
    <ClCompile Include="D:\Projects\Computer Game Engineering - Newcastle\CSC8503\CSC8503CoreClasses\GameWorld.h">
      <Filter>Header Files</Filter>
    </ClCompile>
    <ClCompile Include="D:\Projects\Computer Game Engineering - Newcastle\CSC8503\CSC8503CoreClasses\RenderObject.h">
      <Filter>Header Files</Filter>
    </ClCompile>
    <ClCompile Include="D:\Projects\Computer Game Engineering - Newcastle\CSC8503\CSC8503CoreClasses\Transform.h">
      <Filter>Header Files</Filter>
    </ClCompile>
    <ClCompile Include="D:\Projects\Computer Game Engineering - Newcastle\CSC8503\CSC8503CoreClasses\Debug.cpp">
      <Filter>Source Files</Filter>
    </ClCompile>
    <ClCompile Include="D:\Projects\Computer Game Engineering - Newcastle\CSC8503\CSC8503CoreClasses\GameObject.cpp">
      <Filter>Source Files</Filter>
    </ClCompile>
    <ClCompile Include="D:\Projects\Computer Game Engineering - Newcastle\CSC8503\CSC8503CoreClasses\GameWorld.cpp">
      <Filter>Source Files</Filter>
    </ClCompile>
    <ClCompile Include="D:\Projects\Computer Game Engineering - Newcastle\CSC8503\CSC8503CoreClasses\RenderObject.cpp">
      <Filter>Source Files</Filter>
    </ClCompile>
    <ClCompile Include="D:\Projects\Computer Game Engineering - Newcastle\CSC8503\CSC8503CoreClasses\Transform.cpp">
      <Filter>Source Files</Filter>
    </ClCompile>
    <ClCompile Include="D:\Projects\Computer Game Engineering - Newcastle\CSC8503\CSC8503CoreClasses\BehaviourAction.h">
      <Filter>AI\Behaviour Trees</Filter>
    </ClCompile>
    <ClCompile Include="D:\Projects\Computer Game Engineering - Newcastle\CSC8503\CSC8503CoreClasses\BehaviourNode.h">
      <Filter>AI\Behaviour Trees</Filter>
    </ClCompile>
    <ClCompile Include="D:\Projects\Computer Game Engineering - Newcastle\CSC8503\CSC8503CoreClasses\BehaviourNodeWithChildren.h">
      <Filter>AI\Behaviour Trees</Filter>
    </ClCompile>
    <ClCompile Include="D:\Projects\Computer Game Engineering - Newcastle\CSC8503\CSC8503CoreClasses\BehaviourSelector.h">
      <Filter>AI\Behaviour Trees</Filter>
    </ClCompile>
    <ClCompile Include="D:\Projects\Computer Game Engineering - Newcastle\CSC8503\CSC8503CoreClasses\BehaviourSelector.cpp">
      <Filter>AI\Behaviour Trees</Filter>
    </ClCompile>
    <ClCompile Include="D:\Projects\Computer Game Engineering - Newcastle\CSC8503\CSC8503CoreClasses\BehaviourSequence.h">
      <Filter>AI\Behaviour Trees</Filter>
    </ClCompile>
    <ClCompile Include="D:\Projects\Computer Game Engineering - Newcastle\CSC8503\CSC8503CoreClasses\BehaviourSequence.cpp">
      <Filter>AI\Behaviour Trees</Filter>
    </ClCompile>
    <ClCompile Include="D:\Projects\Computer Game Engineering - Newcastle\CSC8503\CSC8503CoreClasses\PushdownMachine.h">
      <Filter>AI\Pushdown Automata</Filter>
    </ClCompile>
    <ClCompile Include="D:\Projects\Computer Game Engineering - Newcastle\CSC8503\CSC8503CoreClasses\PushdownMachine.cpp">
      <Filter>AI\Pushdown Automata</Filter>
    </ClCompile>
    <ClCompile Include="D:\Projects\Computer Game Engineering - Newcastle\CSC8503\CSC8503CoreClasses\PushdownState.h">
      <Filter>AI\Pushdown Automata</Filter>
    </ClCompile>
    <ClCompile Include="D:\Projects\Computer Game Engineering - Newcastle\CSC8503\CSC8503CoreClasses\PushdownState.cpp">
      <Filter>AI\Pushdown Automata</Filter>
    </ClCompile>
    <ClCompile Include="D:\Projects\Computer Game Engineering - Newcastle\CSC8503\CSC8503CoreClasses\State.h">
      <Filter>AI\State Machine</Filter>
    </ClCompile>
    <ClCompile Include="D:\Projects\Computer Game Engineering - Newcastle\CSC8503\CSC8503CoreClasses\StateMachine.h">
      <Filter>AI\State Machine</Filter>
    </ClCompile>
    <ClCompile Include="D:\Projects\Computer Game Engineering - Newcastle\CSC8503\CSC8503CoreClasses\StateMachine.cpp">
      <Filter>AI\State Machine</Filter>
    </ClCompile>
    <ClCompile Include="D:\Projects\Computer Game Engineering - Newcastle\CSC8503\CSC8503CoreClasses\StateTransition.h">
      <Filter>AI\State Machine</Filter>
    </ClCompile>
    <ClCompile Include="D:\Projects\Computer Game Engineering - Newcastle\CSC8503\CSC8503CoreClasses\NavigationGrid.h">
      <Filter>AI\Pathfinding</Filter>
    </ClCompile>
    <ClCompile Include="D:\Projects\Computer Game Engineering - Newcastle\CSC8503\CSC8503CoreClasses\NavigationGrid.cpp">
      <Filter>AI\Pathfinding</Filter>
    </ClCompile>
    <ClCompile Include="D:\Projects\Computer Game Engineering - Newcastle\CSC8503\CSC8503CoreClasses\NavigationMesh.cpp">
      <Filter>AI\Pathfinding</Filter>
    </ClCompile>
    <ClCompile Include="D:\Projects\Computer Game Engineering - Newcastle\CSC8503\CSC8503CoreClasses\NavigationMesh.h">
      <Filter>AI\Pathfinding</Filter>
    </ClCompile>
    <ClCompile Include="D:\Projects\Computer Game Engineering - Newcastle\CSC8503\CSC8503CoreClasses\NavigationMap.h">
      <Filter>AI\Pathfinding</Filter>
    </ClCompile>
    <ClCompile Include="D:\Projects\Computer Game Engineering - Newcastle\CSC8503\CSC8503CoreClasses\NavigationPath.h">
      <Filter>AI\Pathfinding</Filter>
    </ClCompile>
    <ClCompile Include="D:\Projects\Computer Game Engineering - Newcastle\CSC8503\CSC8503CoreClasses\AABBVolume.h">
      <Filter>Collision Detection</Filter>
    </ClCompile>
    <ClCompile Include="D:\Projects\Computer Game Engineering - Newcastle\CSC8503\CSC8503CoreClasses\CapsuleVolume.h">
      <Filter>Collision Detection</Filter>
    </ClCompile>
    <ClCompile Include="D:\Projects\Computer Game Engineering - Newcastle\CSC8503\CSC8503CoreClasses\CapsuleVolume.cpp">
      <Filter>Collision Detection</Filter>
    </ClCompile>
    <ClCompile Include="D:\Projects\Computer Game Engineering - Newcastle\CSC8503\CSC8503CoreClasses\CollisionDetection.h">
      <Filter>Collision Detection</Filter>
    </ClCompile>
    <ClCompile Include="D:\Projects\Computer Game Engineering - Newcastle\CSC8503\CSC8503CoreClasses\CollisionDetection.cpp">
      <Filter>Collision Detection</Filter>
    </ClCompile>
    <ClCompile Include="D:\Projects\Computer Game Engineering - Newcastle\CSC8503\CSC8503CoreClasses\CollisionVolume.h">
      <Filter>Collision Detection</Filter>
    </ClCompile>
    <ClCompile Include="D:\Projects\Computer Game Engineering - Newcastle\CSC8503\CSC8503CoreClasses\OBBVolume.h">
      <Filter>Collision Detection</Filter>
    </ClCompile>
    <ClCompile Include="D:\Projects\Computer Game Engineering - Newcastle\CSC8503\CSC8503CoreClasses\QuadTree.h">
      <Filter>Collision Detection</Filter>
    </ClCompile>
    <ClCompile Include="D:\Projects\Computer Game Engineering - Newcastle\CSC8503\CSC8503CoreClasses\QuadTree.cpp">
      <Filter>Collision Detection</Filter>
    </ClCompile>
    <ClCompile Include="D:\Projects\Computer Game Engineering - Newcastle\CSC8503\CSC8503CoreClasses\Ray.h">
      <Filter>Collision Detection</Filter>
    </ClCompile>
    <ClCompile Include="D:\Projects\Computer Game Engineering - Newcastle\CSC8503\CSC8503CoreClasses\SphereVolume.h">
      <Filter>Collision Detection</Filter>
    </ClCompile>
    <ClCompile Include="D:\Projects\Computer Game Engineering - Newcastle\CSC8503\CSC8503CoreClasses\GameClient.h">
      <Filter>Networking</Filter>
    </ClCompile>
    <ClCompile Include="D:\Projects\Computer Game Engineering - Newcastle\CSC8503\CSC8503CoreClasses\GameClient.cpp">
      <Filter>Networking</Filter>
    </ClCompile>
    <ClCompile Include="D:\Projects\Computer Game Engineering - Newcastle\CSC8503\CSC8503CoreClasses\GameServer.h">
      <Filter>Networking</Filter>
    </ClCompile>
    <ClCompile Include="D:\Projects\Computer Game Engineering - Newcastle\CSC8503\CSC8503CoreClasses\GameServer.cpp">
      <Filter>Networking</Filter>
    </ClCompile>
    <ClCompile Include="D:\Projects\Computer Game Engineering - Newcastle\CSC8503\CSC8503CoreClasses\NetworkBase.h">
      <Filter>Networking</Filter>
    </ClCompile>
    <ClCompile Include="D:\Projects\Computer Game Engineering - Newcastle\CSC8503\CSC8503CoreClasses\NetworkBase.cpp">
      <Filter>Networking</Filter>
    </ClCompile>
    <ClCompile Include="D:\Projects\Computer Game Engineering - Newcastle\CSC8503\CSC8503CoreClasses\NetworkObject.h">
      <Filter>Networking</Filter>
    </ClCompile>
    <ClCompile Include="D:\Projects\Computer Game Engineering - Newcastle\CSC8503\CSC8503CoreClasses\NetworkObject.cpp">
      <Filter>Networking</Filter>
    </ClCompile>
    <ClCompile Include="D:\Projects\Computer Game Engineering - Newcastle\CSC8503\CSC8503CoreClasses\NetworkState.h">
      <Filter>Networking</Filter>
    </ClCompile>
    <ClCompile Include="D:\Projects\Computer Game Engineering - Newcastle\CSC8503\CSC8503CoreClasses\NetworkState.cpp">
      <Filter>Networking</Filter>
    </ClCompile>
    <ClCompile Include="D:\Projects\Computer Game Engineering - Newcastle\CSC8503\CSC8503CoreClasses\Constraint.h">
      <Filter>Physics</Filter>
    </ClCompile>
    <ClCompile Include="D:\Projects\Computer Game Engineering - Newcastle\CSC8503\CSC8503CoreClasses\PositionConstraint.cpp">
      <Filter>Physics</Filter>
    </ClCompile>
    <ClCompile Include="D:\Projects\Computer Game Engineering - Newcastle\CSC8503\CSC8503CoreClasses\PositionConstraint.h">
      <Filter>Physics</Filter>
    </ClCompile>
    <ClCompile Include="D:\Projects\Computer Game Engineering - Newcastle\CSC8503\CSC8503CoreClasses\OrientationConstraint.cpp">
      <Filter>Physics</Filter>
    </ClCompile>
    <ClCompile Include="D:\Projects\Computer Game Engineering - Newcastle\CSC8503\CSC8503CoreClasses\OrientationConstraint.h">
      <Filter>Physics</Filter>
    </ClCompile>
    <ClCompile Include="D:\Projects\Computer Game Engineering - Newcastle\CSC8503\CSC8503CoreClasses\PhysicsObject.cpp">
      <Filter>Physics</Filter>
    </ClCompile>
    <ClCompile Include="D:\Projects\Computer Game Engineering - Newcastle\CSC8503\CSC8503CoreClasses\PhysicsObject.h">
      <Filter>Physics</Filter>
    </ClCompile>
    <ClCompile Include="D:\Projects\Computer Game Engineering - Newcastle\CSC8503\CSC8503CoreClasses\PhysicsSystem.cpp">
      <Filter>Physics</Filter>
    </ClCompile>
    <ClCompile Include="D:\Projects\Computer Game Engineering - Newcastle\CSC8503\CSC8503CoreClasses\PhysicsSystem.h">
      <Filter>Physics</Filter>
    </ClCompile>
    <ClCompile Include="D:\Projects\Computer Game Engineering - Newcastle\CSC8503\CSC8503CoreClasses\enet\callbacks.c">
      <Filter>eNet</Filter>
    </ClCompile>
    <ClCompile Include="D:\Projects\Computer Game Engineering - Newcastle\CSC8503\CSC8503CoreClasses\enet\list.h">
      <Filter>eNet</Filter>
    </ClCompile>
    <ClCompile Include="D:\Projects\Computer Game Engineering - Newcastle\CSC8503\CSC8503CoreClasses\enet\list.c">
      <Filter>eNet</Filter>
    </ClCompile>
    <ClCompile Include="D:\Projects\Computer Game Engineering - Newcastle\CSC8503\CSC8503CoreClasses\enet\protocol.h">
      <Filter>eNet</Filter>
    </ClCompile>
    <ClCompile Include="D:\Projects\Computer Game Engineering - Newcastle\CSC8503\CSC8503CoreClasses\enet\protocol.c">
      <Filter>eNet</Filter>
    </ClCompile>
    <ClCompile Include="D:\Projects\Computer Game Engineering - Newcastle\CSC8503\CSC8503CoreClasses\enet\win32.h">
      <Filter>eNet</Filter>
    </ClCompile>
    <ClCompile Include="D:\Projects\Computer Game Engineering - Newcastle\CSC8503\CSC8503CoreClasses\enet\win32.c">
      <Filter>eNet</Filter>
    </ClCompile>
    <ClCompile Include="D:\Projects\Computer Game Engineering - Newcastle\CSC8503\CSC8503CoreClasses\enet\enet.h">
      <Filter>eNet</Filter>
    </ClCompile>
    <ClCompile Include="D:\Projects\Computer Game Engineering - Newcastle\CSC8503\CSC8503CoreClasses\enet\time.h">
      <Filter>eNet</Filter>
    </ClCompile>
    <ClCompile Include="D:\Projects\Computer Game Engineering - Newcastle\CSC8503\CSC8503CoreClasses\enet\types.h">
      <Filter>eNet</Filter>
    </ClCompile>
    <ClCompile Include="D:\Projects\Computer Game Engineering - Newcastle\CSC8503\CSC8503CoreClasses\enet\utility.h">
      <Filter>eNet</Filter>
    </ClCompile>
    <ClCompile Include="D:\Projects\Computer Game Engineering - Newcastle\CSC8503\CSC8503CoreClasses\enet\compress.c">
      <Filter>eNet</Filter>
    </ClCompile>
    <ClCompile Include="D:\Projects\Computer Game Engineering - Newcastle\CSC8503\CSC8503CoreClasses\enet\host.c">
      <Filter>eNet</Filter>
    </ClCompile>
    <ClCompile Include="D:\Projects\Computer Game Engineering - Newcastle\CSC8503\CSC8503CoreClasses\enet\packet.c">
      <Filter>eNet</Filter>
    </ClCompile>
    <ClCompile Include="D:\Projects\Computer Game Engineering - Newcastle\CSC8503\CSC8503CoreClasses\enet\peer.c">
      <Filter>eNet</Filter>
    </ClCompile>
  </ItemGroup>
  <ItemGroup>
    <ClInclude Include="D:\Projects\Computer Game Engineering - Newcastle\CSC8503\CSC8503CoreClasses\CMakeFiles\CSC8503CoreClasses.dir\Debug\cmake_pch.hxx">
      <Filter>Precompile Header File</Filter>
    </ClInclude>
    <ClInclude Include="D:\Projects\Computer Game Engineering - Newcastle\CSC8503\CSC8503CoreClasses\CMakeFiles\CSC8503CoreClasses.dir\Release\cmake_pch.hxx">
      <Filter>Precompile Header File</Filter>
    </ClInclude>
  </ItemGroup>
  <ItemGroup>
    <CustomBuild Include="D:\Projects\Computer Game Engineering - Newcastle\CSC8503\CSC8503CoreClasses\CMakeLists.txt" />
  </ItemGroup>
  <ItemGroup>
    <Filter Include="AI">
      <UniqueIdentifier>{15BB0D6D-B2EF-383A-BEF7-4842FFD76DF1}</UniqueIdentifier>
    </Filter>
    <Filter Include="AI\Behaviour Trees">
      <UniqueIdentifier>{156BC119-475E-3F50-BBC4-0C86663D744B}</UniqueIdentifier>
    </Filter>
    <Filter Include="AI\Pathfinding">
      <UniqueIdentifier>{E033BDEA-2ACD-3B9D-9635-FABDD21F110C}</UniqueIdentifier>
    </Filter>
    <Filter Include="AI\Pushdown Automata">
      <UniqueIdentifier>{EE492AD6-599C-34A6-871F-04E01394362E}</UniqueIdentifier>
    </Filter>
    <Filter Include="AI\State Machine">
      <UniqueIdentifier>{B19384F8-4493-3B38-A06C-C9DE4B00EEB7}</UniqueIdentifier>
    </Filter>
    <Filter Include="Collision Detection">
      <UniqueIdentifier>{4EC57050-CCFE-3221-8B19-2609992F27E1}</UniqueIdentifier>
    </Filter>
    <Filter Include="Header Files">
      <UniqueIdentifier>{5B4E07BE-4DF6-3CB5-9D98-5A9F3E4E9033}</UniqueIdentifier>
    </Filter>
    <Filter Include="Networking">
      <UniqueIdentifier>{3A592BCC-0E60-39E0-A626-4C9DCA18E310}</UniqueIdentifier>
    </Filter>
    <Filter Include="Physics">
      <UniqueIdentifier>{EFD62825-19DC-31B2-93D3-B2379BC88805}</UniqueIdentifier>
    </Filter>
    <Filter Include="Precompile Header File">
      <UniqueIdentifier>{7102FA67-A750-3401-AF32-E167055F039D}</UniqueIdentifier>
    </Filter>
    <Filter Include="Source Files">
      <UniqueIdentifier>{B10E18A4-FF96-314D-AE0A-193AD1794898}</UniqueIdentifier>
    </Filter>
    <Filter Include="eNet">
      <UniqueIdentifier>{7B2A86AC-CCB8-3AB3-9CD5-B071E2AF5F8E}</UniqueIdentifier>
    </Filter>
  </ItemGroup>
</Project>
