<?xml version="1.0" encoding="utf-8"?>
<Project ToolsVersion="17.0" xmlns="http://schemas.microsoft.com/developer/msbuild/2003">
  <ItemGroup>
    <ClCompile Include="D:\Projects\Computer Game Engineering - Newcastle\CSC8503\CSC8503\CMakeFiles\CSC8503.dir\cmake_pch.cxx">
      <Filter>Source Files</Filter>
    </ClCompile>
    <ClCompile Include="D:\Projects\Computer Game Engineering - Newcastle\CSC8503\CSC8503\EnemyAI.cpp">
      <Filter>Source Files</Filter>
    </ClCompile>
    <ClCompile Include="D:\Projects\Computer Game Engineering - Newcastle\CSC8503\CSC8503\GameBase.cpp">
      <Filter>Source Files</Filter>
    </ClCompile>
    <ClCompile Include="D:\Projects\Computer Game Engineering - Newcastle\CSC8503\CSC8503\GameLevel.cpp">
      <Filter>Source Files</Filter>
    </ClCompile>
    <ClCompile Include="D:\Projects\Computer Game Engineering - Newcastle\CSC8503\CSC8503\GameState.cpp">
      <Filter>Source Files</Filter>
    </ClCompile>
    <ClCompile Include="D:\Projects\Computer Game Engineering - Newcastle\CSC8503\CSC8503\GameTechRenderer.cpp">
      <Filter>Source Files</Filter>
    </ClCompile>
    <ClCompile Include="D:\Projects\Computer Game Engineering - Newcastle\CSC8503\CSC8503\GooseAI.cpp">
      <Filter>Source Files</Filter>
    </ClCompile>
    <ClCompile Include="D:\Projects\Computer Game Engineering - Newcastle\CSC8503\CSC8503\KittenManager.cpp">
      <Filter>Source Files</Filter>
    </ClCompile>
    <ClCompile Include="D:\Projects\Computer Game Engineering - Newcastle\CSC8503\CSC8503\Main.cpp">
      <Filter>Source Files</Filter>
    </ClCompile>
    <ClCompile Include="D:\Projects\Computer Game Engineering - Newcastle\CSC8503\CSC8503\NetworkPlayer.cpp">
      <Filter>Source Files</Filter>
    </ClCompile>
    <ClCompile Include="D:\Projects\Computer Game Engineering - Newcastle\CSC8503\CSC8503\NetworkedGame.cpp">
      <Filter>Source Files</Filter>
    </ClCompile>
    <ClCompile Include="D:\Projects\Computer Game Engineering - Newcastle\CSC8503\CSC8503\PlayerController.cpp">
      <Filter>Source Files</Filter>
    </ClCompile>
    <ClCompile Include="D:\Projects\Computer Game Engineering - Newcastle\CSC8503\CSC8503\PuzzleObjects.cpp">
      <Filter>Source Files</Filter>
    </ClCompile>
    <ClCompile Include="D:\Projects\Computer Game Engineering - Newcastle\CSC8503\CSC8503\StateGameObject.cpp">
      <Filter>Source Files</Filter>
    </ClCompile>
    <ClCompile Include="D:\Projects\Computer Game Engineering - Newcastle\CSC8503\CSC8503\ThirdPersonCamera.cpp">
      <Filter>Source Files</Filter>
    </ClCompile>
    <ClCompile Include="D:\Projects\Computer Game Engineering - Newcastle\CSC8503\CSC8503\TutorialGame.cpp">
      <Filter>Source Files</Filter>
    </ClCompile>
  </ItemGroup>
  <ItemGroup>
    <ClInclude Include="D:\Projects\Computer Game Engineering - Newcastle\CSC8503\CSC8503\EnemyAI.h">
      <Filter>Header Files</Filter>
    </ClInclude>
    <ClInclude Include="D:\Projects\Computer Game Engineering - Newcastle\CSC8503\CSC8503\GameBase.h">
      <Filter>Header Files</Filter>
    </ClInclude>
    <ClInclude Include="D:\Projects\Computer Game Engineering - Newcastle\CSC8503\CSC8503\GameLevel.h">
      <Filter>Header Files</Filter>
    </ClInclude>
    <ClInclude Include="D:\Projects\Computer Game Engineering - Newcastle\CSC8503\CSC8503\GameState.h">
      <Filter>Header Files</Filter>
    </ClInclude>
    <ClInclude Include="D:\Projects\Computer Game Engineering - Newcastle\CSC8503\CSC8503\GameTechRenderer.h">
      <Filter>Header Files</Filter>
    </ClInclude>
    <ClInclude Include="D:\Projects\Computer Game Engineering - Newcastle\CSC8503\CSC8503\GooseAI.h">
      <Filter>Header Files</Filter>
    </ClInclude>
    <ClInclude Include="D:\Projects\Computer Game Engineering - Newcastle\CSC8503\CSC8503\KittenManager.h">
      <Filter>Header Files</Filter>
    </ClInclude>
    <ClInclude Include="D:\Projects\Computer Game Engineering - Newcastle\CSC8503\CSC8503\NetworkPlayer.h">
      <Filter>Header Files</Filter>
    </ClInclude>
    <ClInclude Include="D:\Projects\Computer Game Engineering - Newcastle\CSC8503\CSC8503\NetworkedGame.h">
      <Filter>Header Files</Filter>
    </ClInclude>
    <ClInclude Include="D:\Projects\Computer Game Engineering - Newcastle\CSC8503\CSC8503\PlayerController.h">
      <Filter>Header Files</Filter>
    </ClInclude>
    <ClInclude Include="D:\Projects\Computer Game Engineering - Newcastle\CSC8503\CSC8503\PuzzleObjects.h">
      <Filter>Header Files</Filter>
    </ClInclude>
    <ClInclude Include="D:\Projects\Computer Game Engineering - Newcastle\CSC8503\CSC8503\StateGameObject.h">
      <Filter>Header Files</Filter>
    </ClInclude>
    <ClInclude Include="D:\Projects\Computer Game Engineering - Newcastle\CSC8503\CSC8503\ThirdPersonCamera.h">
      <Filter>Header Files</Filter>
    </ClInclude>
    <ClInclude Include="D:\Projects\Computer Game Engineering - Newcastle\CSC8503\CSC8503\TutorialGame.h">
      <Filter>Header Files</Filter>
    </ClInclude>
    <ClInclude Include="D:\Projects\Computer Game Engineering - Newcastle\CSC8503\CSC8503\CMakeFiles\CSC8503.dir\Debug\cmake_pch.hxx">
      <Filter>Precompile Header File</Filter>
    </ClInclude>
    <ClInclude Include="D:\Projects\Computer Game Engineering - Newcastle\CSC8503\CSC8503\CMakeFiles\CSC8503.dir\Release\cmake_pch.hxx">
      <Filter>Precompile Header File</Filter>
    </ClInclude>
  </ItemGroup>
  <ItemGroup>
    <CustomBuild Include="D:\Projects\Computer Game Engineering - Newcastle\CSC8503\CSC8503\CMakeLists.txt" />
  </ItemGroup>
  <ItemGroup>
    <Filter Include="Header Files">
      <UniqueIdentifier>{5B4E07BE-4DF6-3CB5-9D98-5A9F3E4E9033}</UniqueIdentifier>
    </Filter>
    <Filter Include="Precompile Header File">
      <UniqueIdentifier>{7102FA67-A750-3401-AF32-E167055F039D}</UniqueIdentifier>
    </Filter>
    <Filter Include="Source Files">
      <UniqueIdentifier>{B10E18A4-FF96-314D-AE0A-193AD1794898}</UniqueIdentifier>
    </Filter>
  </ItemGroup>
</Project>
